
Microsoft Visual Studio Solution File, Format Version 11.00
# Visual Studio 2010
Project("{159641D6-6404-4A2A-AE62-294DE0FE8301}") = "IS_Practise1", "IS_Practise1\IS_Practise1.dtproj", "{266B6AAA-2179-438F-A664-3166A7974373}"
EndProject
Global
	GlobalSection(SolutionConfigurationPlatforms) = preSolution
		Development|Default = Development|Default
	EndGlobalSection
	GlobalSection(ProjectConfigurationPlatforms) = postSolution
		{266B6AAA-2179-438F-A664-3166A7974373}.Development|Default.ActiveCfg = Development
		{266B6AAA-2179-438F-A664-3166A7974373}.Development|Default.Build.0 = Development
	EndGlobalSection
	GlobalSection(SolutionProperties) = preSolution
		HideSolutionNode = FALSE
	EndGlobalSection
EndGlobal
